
Microsoft Visual Studio Solution File, Format Version 9.00
# Visual Studio 2005
Project("{8BC9CEB8-8B4A-11D0-8D11-00A0C91BC942}") = "ViewBar", "ViewBar\ViewBar.vcproj", "{24D4A663-604E-4158-B6DE-C26F4B876DCD}"
	ProjectSection(ProjectDependencies) = postProject
		{11751D38-55CF-4B2F-B6D2-1D93D30FF60C} = {11751D38-55CF-4B2F-B6D2-1D93D30FF60C}
		{EACA4083-AB07-4E12-BD65-60836A8DDF79} = {EACA4083-AB07-4E12-BD65-60836A8DDF79}
		{38C0E591-9250-4A02-8EA1-6E2B734CC2BA} = {38C0E591-9250-4A02-8EA1-6E2B734CC2BA}
	EndProjectSection
EndProject
Project("{8BC9CEB8-8B4A-11D0-8D11-00A0C91BC942}") = "VBMonitor", "VBMonitor\VBMonitor.vcproj", "{EACA4083-AB07-4E12-BD65-60836A8DDF79}"
EndProject
Project("{8BC9CEB8-8B4A-11D0-8D11-00A0C91BC942}") = "VBSniffer", "VBSniffer\VBSniffer.vcproj", "{11751D38-55CF-4B2F-B6D2-1D93D30FF60C}"
EndProject
Project("{8BC9CEB8-8B4A-11D0-8D11-00A0C91BC942}") = "VBUpdater", "VBUpdater\VBUpdater.vcproj", "{38C0E591-9250-4A02-8EA1-6E2B734CC2BA}"
EndProject
Global
	GlobalSection(SourceCodeControl) = preSolution
		SccNumberOfProjects = 5
		SccLocalPath0 = .
		CanCheckoutShared = true
		SccProjectUniqueName1 = ViewBar\\ViewBar.vcproj
		SccLocalPath1 = .
		CanCheckoutShared = true
		SccProjectFilePathRelativizedFromConnection1 = ViewBar\\
		SccProjectUniqueName2 = VBMonitor\\VBMonitor.vcproj
		SccLocalPath2 = .
		CanCheckoutShared = true
		SccProjectFilePathRelativizedFromConnection2 = VBMonitor\\
		SccProjectUniqueName3 = VBSniffer\\VBSniffer.vcproj
		SccProjectName3 = \u0022$/Web/AGloCo\u0020Viewbar/DEVELOPMENT/Coding\u0020&\u0020Unit\u0020Test/Viewbar\u0020Client/ViewBar.root/ViewBar/VBSniffer\u0022,\u0020DDNDAAAA
		SccLocalPath3 = VBSniffer
		CanCheckoutShared = true
		SccProjectUniqueName4 = VBUpdater\\VBUpdater.vcproj
		SccProjectName4 = \u0022$/Web/AGloCo\u0020Viewbar/DEVELOPMENT/Coding\u0020&\u0020Unit\u0020Test/Viewbar\u0020Client/ViewBar.root/ViewBar/VBUpdater\u0022,\u0020XBPDAAAA
		SccLocalPath4 = VBUpdater
		CanCheckoutShared = true
	EndGlobalSection
	GlobalSection(SolutionConfigurationPlatforms) = preSolution
		Debug|Pocket PC 2003 (ARMV4) = Debug|Pocket PC 2003 (ARMV4)
		Debug|Win32 = Debug|Win32
		Release|Pocket PC 2003 (ARMV4) = Release|Pocket PC 2003 (ARMV4)
		Release|Win32 = Release|Win32
	EndGlobalSection
	GlobalSection(ProjectConfigurationPlatforms) = postSolution
		{24D4A663-604E-4158-B6DE-C26F4B876DCD}.Debug|Pocket PC 2003 (ARMV4).ActiveCfg = Debug|Pocket PC 2003 (ARMV4)
		{24D4A663-604E-4158-B6DE-C26F4B876DCD}.Debug|Pocket PC 2003 (ARMV4).Build.0 = Debug|Pocket PC 2003 (ARMV4)
		{24D4A663-604E-4158-B6DE-C26F4B876DCD}.Debug|Pocket PC 2003 (ARMV4).Deploy.0 = Debug|Pocket PC 2003 (ARMV4)
		{24D4A663-604E-4158-B6DE-C26F4B876DCD}.Debug|Win32.ActiveCfg = Debug|Win32
		{24D4A663-604E-4158-B6DE-C26F4B876DCD}.Debug|Win32.Build.0 = Debug|Win32
		{24D4A663-604E-4158-B6DE-C26F4B876DCD}.Release|Pocket PC 2003 (ARMV4).ActiveCfg = Release|Pocket PC 2003 (ARMV4)
		{24D4A663-604E-4158-B6DE-C26F4B876DCD}.Release|Pocket PC 2003 (ARMV4).Build.0 = Release|Pocket PC 2003 (ARMV4)
		{24D4A663-604E-4158-B6DE-C26F4B876DCD}.Release|Pocket PC 2003 (ARMV4).Deploy.0 = Release|Pocket PC 2003 (ARMV4)
		{24D4A663-604E-4158-B6DE-C26F4B876DCD}.Release|Win32.ActiveCfg = Release|Win32
		{24D4A663-604E-4158-B6DE-C26F4B876DCD}.Release|Win32.Build.0 = Release|Win32
		{EACA4083-AB07-4E12-BD65-60836A8DDF79}.Debug|Pocket PC 2003 (ARMV4).ActiveCfg = Debug|Pocket PC 2003 (ARMV4)
		{EACA4083-AB07-4E12-BD65-60836A8DDF79}.Debug|Pocket PC 2003 (ARMV4).Build.0 = Debug|Pocket PC 2003 (ARMV4)
		{EACA4083-AB07-4E12-BD65-60836A8DDF79}.Debug|Pocket PC 2003 (ARMV4).Deploy.0 = Debug|Pocket PC 2003 (ARMV4)
		{EACA4083-AB07-4E12-BD65-60836A8DDF79}.Debug|Win32.ActiveCfg = Debug|Win32
		{EACA4083-AB07-4E12-BD65-60836A8DDF79}.Debug|Win32.Build.0 = Debug|Win32
		{EACA4083-AB07-4E12-BD65-60836A8DDF79}.Release|Pocket PC 2003 (ARMV4).ActiveCfg = Release|Pocket PC 2003 (ARMV4)
		{EACA4083-AB07-4E12-BD65-60836A8DDF79}.Release|Pocket PC 2003 (ARMV4).Build.0 = Release|Pocket PC 2003 (ARMV4)
		{EACA4083-AB07-4E12-BD65-60836A8DDF79}.Release|Pocket PC 2003 (ARMV4).Deploy.0 = Release|Pocket PC 2003 (ARMV4)
		{EACA4083-AB07-4E12-BD65-60836A8DDF79}.Release|Win32.ActiveCfg = Release|Win32
		{EACA4083-AB07-4E12-BD65-60836A8DDF79}.Release|Win32.Build.0 = Release|Win32
		{11751D38-55CF-4B2F-B6D2-1D93D30FF60C}.Debug|Pocket PC 2003 (ARMV4).ActiveCfg = Debug|Pocket PC 2003 (ARMV4)
		{11751D38-55CF-4B2F-B6D2-1D93D30FF60C}.Debug|Pocket PC 2003 (ARMV4).Build.0 = Debug|Pocket PC 2003 (ARMV4)
		{11751D38-55CF-4B2F-B6D2-1D93D30FF60C}.Debug|Pocket PC 2003 (ARMV4).Deploy.0 = Debug|Pocket PC 2003 (ARMV4)
		{11751D38-55CF-4B2F-B6D2-1D93D30FF60C}.Debug|Win32.ActiveCfg = Debug|Win32
		{11751D38-55CF-4B2F-B6D2-1D93D30FF60C}.Debug|Win32.Build.0 = Debug|Win32
		{11751D38-55CF-4B2F-B6D2-1D93D30FF60C}.Release|Pocket PC 2003 (ARMV4).ActiveCfg = Release|Pocket PC 2003 (ARMV4)
		{11751D38-55CF-4B2F-B6D2-1D93D30FF60C}.Release|Pocket PC 2003 (ARMV4).Build.0 = Release|Pocket PC 2003 (ARMV4)
		{11751D38-55CF-4B2F-B6D2-1D93D30FF60C}.Release|Pocket PC 2003 (ARMV4).Deploy.0 = Release|Pocket PC 2003 (ARMV4)
		{11751D38-55CF-4B2F-B6D2-1D93D30FF60C}.Release|Win32.ActiveCfg = Release|Win32
		{11751D38-55CF-4B2F-B6D2-1D93D30FF60C}.Release|Win32.Build.0 = Release|Win32
		{38C0E591-9250-4A02-8EA1-6E2B734CC2BA}.Debug|Pocket PC 2003 (ARMV4).ActiveCfg = Debug|Pocket PC 2003 (ARMV4)
		{38C0E591-9250-4A02-8EA1-6E2B734CC2BA}.Debug|Pocket PC 2003 (ARMV4).Build.0 = Debug|Pocket PC 2003 (ARMV4)
		{38C0E591-9250-4A02-8EA1-6E2B734CC2BA}.Debug|Pocket PC 2003 (ARMV4).Deploy.0 = Debug|Pocket PC 2003 (ARMV4)
		{38C0E591-9250-4A02-8EA1-6E2B734CC2BA}.Debug|Win32.ActiveCfg = Debug|Win32
		{38C0E591-9250-4A02-8EA1-6E2B734CC2BA}.Debug|Win32.Build.0 = Debug|Win32
		{38C0E591-9250-4A02-8EA1-6E2B734CC2BA}.Release|Pocket PC 2003 (ARMV4).ActiveCfg = Release|Pocket PC 2003 (ARMV4)
		{38C0E591-9250-4A02-8EA1-6E2B734CC2BA}.Release|Pocket PC 2003 (ARMV4).Build.0 = Release|Pocket PC 2003 (ARMV4)
		{38C0E591-9250-4A02-8EA1-6E2B734CC2BA}.Release|Pocket PC 2003 (ARMV4).Deploy.0 = Release|Pocket PC 2003 (ARMV4)
		{38C0E591-9250-4A02-8EA1-6E2B734CC2BA}.Release|Win32.ActiveCfg = Release|Win32
		{38C0E591-9250-4A02-8EA1-6E2B734CC2BA}.Release|Win32.Build.0 = Release|Win32
	EndGlobalSection
	GlobalSection(SolutionProperties) = preSolution
		HideSolutionNode = FALSE
	EndGlobalSection
EndGlobal
